
Microsoft Visual Studio Solution File, Format Version 12.00
# Visual Studio Version 16
VisualStudioVersion = 16.0.29424.173
MinimumVisualStudioVersion = 10.0.40219.1
Project("{9A19103F-16F7-4668-BE54-9A1E7A4F7556}") = "Worker", "Worker\Worker.csproj", "{44D82DAB-F64A-4DD4-B0D9-3DEF50F2097A}"
EndProject
Project("{9A19103F-16F7-4668-BE54-9A1E7A4F7556}") = "Api", "Api\Api.csproj", "{25476645-A670-4B15-8624-1D2D798768B6}"
EndProject
Project("{9A19103F-16F7-4668-BE54-9A1E7A4F7556}") = "Shared", "Shared\Shared.csproj", "{3B724999-E5E7-4309-A226-CB315DC56105}"
EndProject
Project("{9A19103F-16F7-4668-BE54-9A1E7A4F7556}") = "Client", "Client\Client.csproj", "{D213A783-E9DE-464B-A4B4-36CD5CD2C6E1}"
EndProject
Project("{2150E333-8FDC-42A3-9474-1A3956D46DE8}") = "Solution Items", "Solution Items", "{6C1728BD-B841-4EE0-A1EF-654D99D5611E}"
	ProjectSection(SolutionItems) = preProject
		.gitignore = .gitignore
	EndProjectSection
EndProject
Project("{9A19103F-16F7-4668-BE54-9A1E7A4F7556}") = "WpfClient", "WpfClient\WpfClient.csproj", "{8AB4B958-6074-4E49-BFDE-3548F3B4276F}"
EndProject
Project("{9A19103F-16F7-4668-BE54-9A1E7A4F7556}") = "Web", "Web\Web.csproj", "{B9BFE50B-8751-494A-953C-5D07FB140B78}"
EndProject
Global
	GlobalSection(SolutionConfigurationPlatforms) = preSolution
		Debug|Any CPU = Debug|Any CPU
		Release|Any CPU = Release|Any CPU
	EndGlobalSection
	GlobalSection(ProjectConfigurationPlatforms) = postSolution
		{44D82DAB-F64A-4DD4-B0D9-3DEF50F2097A}.Debug|Any CPU.ActiveCfg = Debug|Any CPU
		{44D82DAB-F64A-4DD4-B0D9-3DEF50F2097A}.Debug|Any CPU.Build.0 = Debug|Any CPU
		{44D82DAB-F64A-4DD4-B0D9-3DEF50F2097A}.Release|Any CPU.ActiveCfg = Release|Any CPU
		{44D82DAB-F64A-4DD4-B0D9-3DEF50F2097A}.Release|Any CPU.Build.0 = Release|Any CPU
		{25476645-A670-4B15-8624-1D2D798768B6}.Debug|Any CPU.ActiveCfg = Debug|Any CPU
		{25476645-A670-4B15-8624-1D2D798768B6}.Debug|Any CPU.Build.0 = Debug|Any CPU
		{25476645-A670-4B15-8624-1D2D798768B6}.Release|Any CPU.ActiveCfg = Release|Any CPU
		{25476645-A670-4B15-8624-1D2D798768B6}.Release|Any CPU.Build.0 = Release|Any CPU
		{3B724999-E5E7-4309-A226-CB315DC56105}.Debug|Any CPU.ActiveCfg = Debug|Any CPU
		{3B724999-E5E7-4309-A226-CB315DC56105}.Debug|Any CPU.Build.0 = Debug|Any CPU
		{3B724999-E5E7-4309-A226-CB315DC56105}.Release|Any CPU.ActiveCfg = Release|Any CPU
		{3B724999-E5E7-4309-A226-CB315DC56105}.Release|Any CPU.Build.0 = Release|Any CPU
		{D213A783-E9DE-464B-A4B4-36CD5CD2C6E1}.Debug|Any CPU.ActiveCfg = Debug|Any CPU
		{D213A783-E9DE-464B-A4B4-36CD5CD2C6E1}.Debug|Any CPU.Build.0 = Debug|Any CPU
		{D213A783-E9DE-464B-A4B4-36CD5CD2C6E1}.Release|Any CPU.ActiveCfg = Release|Any CPU
		{D213A783-E9DE-464B-A4B4-36CD5CD2C6E1}.Release|Any CPU.Build.0 = Release|Any CPU
		{8AB4B958-6074-4E49-BFDE-3548F3B4276F}.Debug|Any CPU.ActiveCfg = Debug|Any CPU
		{8AB4B958-6074-4E49-BFDE-3548F3B4276F}.Debug|Any CPU.Build.0 = Debug|Any CPU
		{8AB4B958-6074-4E49-BFDE-3548F3B4276F}.Release|Any CPU.ActiveCfg = Release|Any CPU
		{8AB4B958-6074-4E49-BFDE-3548F3B4276F}.Release|Any CPU.Build.0 = Release|Any CPU
		{B9BFE50B-8751-494A-953C-5D07FB140B78}.Debug|Any CPU.ActiveCfg = Debug|Any CPU
		{B9BFE50B-8751-494A-953C-5D07FB140B78}.Debug|Any CPU.Build.0 = Debug|Any CPU
		{B9BFE50B-8751-494A-953C-5D07FB140B78}.Release|Any CPU.ActiveCfg = Release|Any CPU
		{B9BFE50B-8751-494A-953C-5D07FB140B78}.Release|Any CPU.Build.0 = Release|Any CPU
	EndGlobalSection
	GlobalSection(SolutionProperties) = preSolution
		HideSolutionNode = FALSE
	EndGlobalSection
	GlobalSection(ExtensibilityGlobals) = postSolution
		SolutionGuid = {D14D79AE-18EF-404E-91DB-B769CA25FFE4}
	EndGlobalSection
EndGlobal
